dependencies:
- name: postgresql
  repository: https://charts.bitnami.com/bitnami
  version: 18.2.0
- name: zipkin
  repository: oci://registry-1.docker.io/bitnamicharts
  version: 1.3.11
- name: kafka
  repository: https://helm-charts.itboon.top/kafka
  version: 18.0.1
- name: kube-prometheus-stack
  repository: https://prometheus-community.github.io/helm-charts
  version: 81.2.0
- name: grafana
  repository: https://grafana.github.io/helm-charts
  version: 10.5.8
- name: gateway
  repository: file://charts/gateway
  version: 0.0.1
- name: cash
  repository: file://charts/cash
  version: 0.0.1
- name: transfer
  repository: file://charts/transfer
  version: 0.0.1
- name: accounts
  repository: file://charts/accounts
  version: 0.0.1
- name: notifications
  repository: file://charts/notifications
  version: 0.0.1
digest: sha256:4c14ff98ec876798bc9590b7831ce4ef26d6986002c8e47aaeaa80040b30f2aa
generated: "2026-01-22T01:24:44.274372+03:00"
