dependencies:
- name: postgresql
  repository: https://charts.bitnami.com/bitnami
  version: 18.2.0
- name: kafka
  repository: https://helm-charts.itboon.top/kafka
  version: 18.0.1
- name: gateway
  repository: file://charts/gateway
  version: 0.0.1
- name: cash
  repository: file://charts/cash
  version: 0.0.1
- name: transfer
  repository: file://charts/transfer
  version: 0.0.1
- name: accounts
  repository: file://charts/accounts
  version: 0.0.1
- name: notifications
  repository: file://charts/notifications
  version: 0.0.1
digest: sha256:2686791b0afacd174ab21b65a8c9f6adf7d13da315f065d0d522e5b8328bc924
generated: "2026-01-23T01:54:40.145267+03:00"
